{
  "name": "BBAC",
  "version": "0.1.0",
  "lockfileVersion": 1,
  "dependencies": {
    "adler-32": {
      "version": "1.1.0",
      "resolved": "http://registry.npm.taobao.org/adler-32/download/adler-32-1.1.0.tgz",
      "integrity": "sha1-A1UaXH8O371PyPoSpoFJeOq2UcM="
    },
    "cfb": {
      "version": "0.12.1",
      "resolved": "http://registry.npm.taobao.org/cfb/download/cfb-0.12.1.tgz",
      "integrity": "sha1-V/rfqfwxQJsspYpBCeyqrFrRpOw="
    },
    "codepage": {
      "version": "1.10.2",
      "resolved": "http://registry.npm.taobao.org/codepage/download/codepage-1.10.2.tgz",
      "integrity": "sha1-vr0lIk3GJqAAfqAU4HbOBXN0dp4="
    },
    "commander": {
      "version": "2.11.0",
      "resolved": "http://registry.npm.taobao.org/commander/download/commander-2.11.0.tgz",
      "integrity": "sha1-FXFS/R56bI2YpbcVzzdt+SgARWM="
    },
    "crc-32": {
      "version": "1.1.0",
      "resolved": "http://registry.npm.taobao.org/crc-32/download/crc-32-1.1.0.tgz",
      "integrity": "sha1-MB70ocIhetyEY7bm6WxORDEOEMc="
    },
    "exit-on-epipe": {
      "version": "1.0.1",
      "resolved": "http://registry.npm.taobao.org/exit-on-epipe/download/exit-on-epipe-1.0.1.tgz",
      "integrity": "sha1-C92S6H1ShdJn2qgXHQ6wYVlolpI="
    },
    "frac": {
      "version": "1.1.0",
      "resolved": "http://registry.npm.taobao.org/frac/download/frac-1.1.0.tgz",
      "integrity": "sha1-3EN+nGpka2CxJ9gqxJAkZERcweM="
    },
    "node-xlsx": {
      "version": "0.10.0",
      "resolved": "http://registry.npm.taobao.org/node-xlsx/download/node-xlsx-0.10.0.tgz",
      "integrity": "sha1-NHRKXyhfd6BcYV0eF4nT38Bsk60="
    },
    "printj": {
      "version": "1.1.0",
      "resolved": "http://registry.npm.taobao.org/printj/download/printj-1.1.0.tgz",
      "integrity": "sha1-hUh7Xo+WdjsLSiU2E7753Zs4fjw="
    },
    "ssf": {
      "version": "0.10.1",
      "resolved": "http://registry.npm.taobao.org/ssf/download/ssf-0.10.1.tgz",
      "integrity": "sha1-8j2CtjeS71YIkInBzQyEjpEc26Y="
    },
    "voc": {
      "version": "1.0.0",
      "resolved": "http://registry.npm.taobao.org/voc/download/voc-1.0.0.tgz",
      "integrity": "sha1-VGXAzhHQiB99jjbYylhwQ/M6Ja4="
    },
    "xlsx": {
      "version": "0.10.9",
      "resolved": "http://registry.npm.taobao.org/xlsx/download/xlsx-0.10.9.tgz",
      "integrity": "sha1-LEPYwE7CUh1hlVKHJG6o3v4ZJ18="
    }
  }
}
